
Microsoft Visual Studio Solution File, Format Version 12.00
# Visual Studio 2012
Project("{FAE04EC0-301F-11D3-BF4B-00C04F79EFBC}") = "SiLabI Web Service", "SiLabI Web Service.csproj", "{53BB5D68-B37B-4F23-8105-6F03851E6B35}"
EndProject
Project("{F088123C-0E9E-452A-89E6-6BA2F21D5CAC}") = "SiLabIModelado", "..\SiLabIModelado\SiLabIModelado.modelproj", "{67F7D9A8-A7CA-44C3-B66E-EEAB041DA780}"
EndProject
Global
	GlobalSection(SolutionConfigurationPlatforms) = preSolution
		Debug|Any CPU = Debug|Any CPU
		Release|Any CPU = Release|Any CPU
	EndGlobalSection
	GlobalSection(ProjectConfigurationPlatforms) = postSolution
		{53BB5D68-B37B-4F23-8105-6F03851E6B35}.Debug|Any CPU.ActiveCfg = Debug|Any CPU
		{53BB5D68-B37B-4F23-8105-6F03851E6B35}.Debug|Any CPU.Build.0 = Debug|Any CPU
		{53BB5D68-B37B-4F23-8105-6F03851E6B35}.Release|Any CPU.ActiveCfg = Release|Any CPU
		{53BB5D68-B37B-4F23-8105-6F03851E6B35}.Release|Any CPU.Build.0 = Release|Any CPU
		{67F7D9A8-A7CA-44C3-B66E-EEAB041DA780}.Debug|Any CPU.ActiveCfg = Debug|Any CPU
		{67F7D9A8-A7CA-44C3-B66E-EEAB041DA780}.Debug|Any CPU.Build.0 = Debug|Any CPU
		{67F7D9A8-A7CA-44C3-B66E-EEAB041DA780}.Release|Any CPU.ActiveCfg = Release|Any CPU
		{67F7D9A8-A7CA-44C3-B66E-EEAB041DA780}.Release|Any CPU.Build.0 = Release|Any CPU
	EndGlobalSection
	GlobalSection(SolutionProperties) = preSolution
		HideSolutionNode = FALSE
	EndGlobalSection
EndGlobal
